
Microsoft Visual Studio Solution File, Format Version 12.00
# Visual Studio Version 17
VisualStudioVersion = 17.12.35521.163 d17.12
MinimumVisualStudioVersion = 10.0.40219.1
Project("{FAE04EC0-301F-11D3-BF4B-00C04F79EFBC}") = "BoTech.DesignerForAvalonia", "BoTech.DesignerForAvalonia\BoTech.DesignerForAvalonia.csproj", "{5CCA3558-0F1B-4429-A435-32DF9D7EC5EA}"
EndProject
Project("{FAE04EC0-301F-11D3-BF4B-00C04F79EFBC}") = "BoTech.DesignerForAvalonia.Android", "BoTech.DesignerForAvalonia.Android\BoTech.DesignerForAvalonia.Android.csproj", "{A86AFF4E-103A-4018-B137-8D27FED26BAD}"
EndProject
Project("{FAE04EC0-301F-11D3-BF4B-00C04F79EFBC}") = "BoTech.DesignerForAvalonia.Browser", "BoTech.DesignerForAvalonia.Browser\BoTech.DesignerForAvalonia.Browser.csproj", "{E5B4F8E5-C1CB-4B46-A9FB-62F85DB5D5A1}"
EndProject
Project("{FAE04EC0-301F-11D3-BF4B-00C04F79EFBC}") = "BoTech.DesignerForAvalonia.Desktop", "BoTech.DesignerForAvalonia.Desktop\BoTech.DesignerForAvalonia.Desktop.csproj", "{46094B01-28F9-4438-8E6B-0358102F66C9}"
EndProject
Project("{FAE04EC0-301F-11D3-BF4B-00C04F79EFBC}") = "BoTech.DesignerForAvalonia.iOS", "BoTech.DesignerForAvalonia.iOS\BoTech.DesignerForAvalonia.iOS.csproj", "{797C477A-EBED-4DD4-BEA6-376DAEF9B00B}"
EndProject
Global
	GlobalSection(SolutionConfigurationPlatforms) = preSolution
		Debug|Any CPU = Debug|Any CPU
		Release|Any CPU = Release|Any CPU
	EndGlobalSection
	GlobalSection(ProjectConfigurationPlatforms) = postSolution
		{5CCA3558-0F1B-4429-A435-32DF9D7EC5EA}.Debug|Any CPU.ActiveCfg = Debug|Any CPU
		{5CCA3558-0F1B-4429-A435-32DF9D7EC5EA}.Debug|Any CPU.Build.0 = Debug|Any CPU
		{5CCA3558-0F1B-4429-A435-32DF9D7EC5EA}.Release|Any CPU.ActiveCfg = Release|Any CPU
		{5CCA3558-0F1B-4429-A435-32DF9D7EC5EA}.Release|Any CPU.Build.0 = Release|Any CPU
		{A86AFF4E-103A-4018-B137-8D27FED26BAD}.Debug|Any CPU.ActiveCfg = Debug|Any CPU
		{A86AFF4E-103A-4018-B137-8D27FED26BAD}.Debug|Any CPU.Build.0 = Debug|Any CPU
		{A86AFF4E-103A-4018-B137-8D27FED26BAD}.Debug|Any CPU.Deploy.0 = Debug|Any CPU
		{A86AFF4E-103A-4018-B137-8D27FED26BAD}.Release|Any CPU.ActiveCfg = Release|Any CPU
		{A86AFF4E-103A-4018-B137-8D27FED26BAD}.Release|Any CPU.Build.0 = Release|Any CPU
		{A86AFF4E-103A-4018-B137-8D27FED26BAD}.Release|Any CPU.Deploy.0 = Release|Any CPU
		{E5B4F8E5-C1CB-4B46-A9FB-62F85DB5D5A1}.Debug|Any CPU.ActiveCfg = Debug|Any CPU
		{E5B4F8E5-C1CB-4B46-A9FB-62F85DB5D5A1}.Debug|Any CPU.Build.0 = Debug|Any CPU
		{E5B4F8E5-C1CB-4B46-A9FB-62F85DB5D5A1}.Release|Any CPU.ActiveCfg = Release|Any CPU
		{E5B4F8E5-C1CB-4B46-A9FB-62F85DB5D5A1}.Release|Any CPU.Build.0 = Release|Any CPU
		{46094B01-28F9-4438-8E6B-0358102F66C9}.Debug|Any CPU.ActiveCfg = Debug|Any CPU
		{46094B01-28F9-4438-8E6B-0358102F66C9}.Debug|Any CPU.Build.0 = Debug|Any CPU
		{46094B01-28F9-4438-8E6B-0358102F66C9}.Release|Any CPU.ActiveCfg = Release|Any CPU
		{46094B01-28F9-4438-8E6B-0358102F66C9}.Release|Any CPU.Build.0 = Release|Any CPU
		{797C477A-EBED-4DD4-BEA6-376DAEF9B00B}.Debug|Any CPU.ActiveCfg = Debug|Any CPU
		{797C477A-EBED-4DD4-BEA6-376DAEF9B00B}.Debug|Any CPU.Build.0 = Debug|Any CPU
		{797C477A-EBED-4DD4-BEA6-376DAEF9B00B}.Debug|Any CPU.Deploy.0 = Debug|Any CPU
		{797C477A-EBED-4DD4-BEA6-376DAEF9B00B}.Release|Any CPU.ActiveCfg = Release|Any CPU
		{797C477A-EBED-4DD4-BEA6-376DAEF9B00B}.Release|Any CPU.Build.0 = Release|Any CPU
		{797C477A-EBED-4DD4-BEA6-376DAEF9B00B}.Release|Any CPU.Deploy.0 = Release|Any CPU
	EndGlobalSection
	GlobalSection(SolutionProperties) = preSolution
		HideSolutionNode = FALSE
	EndGlobalSection
EndGlobal
